
Microsoft Visual Studio Solution File, Format Version 12.00
# Visual Studio 14
VisualStudioVersion = 14.0.25420.1
MinimumVisualStudioVersion = 10.0.40219.1
Project("{FAE04EC0-301F-11D3-BF4B-00C04F79EFBC}") = "AsyncProgram", "AsyncProgram\AsyncProgram.csproj", "{88A3ABEE-6998-49C0-90F2-2E34E27A500D}"
EndProject
Project("{FAE04EC0-301F-11D3-BF4B-00C04F79EFBC}") = "BasedTask", "BasedTask\BasedTask.csproj", "{AB24438C-CB22-4845-ADDC-7AC2A02025D7}"
EndProject
Project("{FAE04EC0-301F-11D3-BF4B-00C04F79EFBC}") = "IOBasedTask", "IOBasedTask\IOBasedTask.csproj", "{FA0A0BFB-A250-4843-86FA-0F2B25A8356B}"
EndProject
Project("{FAE04EC0-301F-11D3-BF4B-00C04F79EFBC}") = "FuncDelegate", "FuncDelegate\FuncDelegate.csproj", "{1D8F6FCA-A5F5-4907-9D39-45C2583401A5}"
EndProject
Project("{FAE04EC0-301F-11D3-BF4B-00C04F79EFBC}") = "ErrorHandling", "ErrorHandling\ErrorHandling.csproj", "{B80B0E77-5B4E-4160-A9A8-E0C8076AF427}"
EndProject
Project("{FAE04EC0-301F-11D3-BF4B-00C04F79EFBC}") = "Cancellation", "Cancellation\Cancellation.csproj", "{7EB90CBC-A6A1-4145-8AF1-6BC49AF7D490}"
EndProject
Project("{FAE04EC0-301F-11D3-BF4B-00C04F79EFBC}") = "TaskRelationships", "TaskRelationships\TaskRelationships.csproj", "{5B1E8489-51F3-428A-AF16-93F7C9A9D419}"
EndProject
Project("{FAE04EC0-301F-11D3-BF4B-00C04F79EFBC}") = "ActionFunc", "ActionFunc\ActionFunc.csproj", "{7C619E3C-A0EC-4FEE-A402-9C9649930C56}"
EndProject
Project("{FAE04EC0-301F-11D3-BF4B-00C04F79EFBC}") = "ThreadSafety", "ThreadSafety\ThreadSafety.csproj", "{BA1F1960-14A6-4CF6-ABF9-9006CAEB7ABA}"
EndProject
Global
	GlobalSection(SolutionConfigurationPlatforms) = preSolution
		Debug|Any CPU = Debug|Any CPU
		Release|Any CPU = Release|Any CPU
	EndGlobalSection
	GlobalSection(ProjectConfigurationPlatforms) = postSolution
		{88A3ABEE-6998-49C0-90F2-2E34E27A500D}.Debug|Any CPU.ActiveCfg = Debug|Any CPU
		{88A3ABEE-6998-49C0-90F2-2E34E27A500D}.Debug|Any CPU.Build.0 = Debug|Any CPU
		{88A3ABEE-6998-49C0-90F2-2E34E27A500D}.Release|Any CPU.ActiveCfg = Release|Any CPU
		{88A3ABEE-6998-49C0-90F2-2E34E27A500D}.Release|Any CPU.Build.0 = Release|Any CPU
		{AB24438C-CB22-4845-ADDC-7AC2A02025D7}.Debug|Any CPU.ActiveCfg = Debug|Any CPU
		{AB24438C-CB22-4845-ADDC-7AC2A02025D7}.Debug|Any CPU.Build.0 = Debug|Any CPU
		{AB24438C-CB22-4845-ADDC-7AC2A02025D7}.Release|Any CPU.ActiveCfg = Release|Any CPU
		{AB24438C-CB22-4845-ADDC-7AC2A02025D7}.Release|Any CPU.Build.0 = Release|Any CPU
		{FA0A0BFB-A250-4843-86FA-0F2B25A8356B}.Debug|Any CPU.ActiveCfg = Debug|Any CPU
		{FA0A0BFB-A250-4843-86FA-0F2B25A8356B}.Debug|Any CPU.Build.0 = Debug|Any CPU
		{FA0A0BFB-A250-4843-86FA-0F2B25A8356B}.Release|Any CPU.ActiveCfg = Release|Any CPU
		{FA0A0BFB-A250-4843-86FA-0F2B25A8356B}.Release|Any CPU.Build.0 = Release|Any CPU
		{1D8F6FCA-A5F5-4907-9D39-45C2583401A5}.Debug|Any CPU.ActiveCfg = Debug|Any CPU
		{1D8F6FCA-A5F5-4907-9D39-45C2583401A5}.Debug|Any CPU.Build.0 = Debug|Any CPU
		{1D8F6FCA-A5F5-4907-9D39-45C2583401A5}.Release|Any CPU.ActiveCfg = Release|Any CPU
		{1D8F6FCA-A5F5-4907-9D39-45C2583401A5}.Release|Any CPU.Build.0 = Release|Any CPU
		{B80B0E77-5B4E-4160-A9A8-E0C8076AF427}.Debug|Any CPU.ActiveCfg = Debug|Any CPU
		{B80B0E77-5B4E-4160-A9A8-E0C8076AF427}.Debug|Any CPU.Build.0 = Debug|Any CPU
		{B80B0E77-5B4E-4160-A9A8-E0C8076AF427}.Release|Any CPU.ActiveCfg = Release|Any CPU
		{B80B0E77-5B4E-4160-A9A8-E0C8076AF427}.Release|Any CPU.Build.0 = Release|Any CPU
		{7EB90CBC-A6A1-4145-8AF1-6BC49AF7D490}.Debug|Any CPU.ActiveCfg = Debug|Any CPU
		{7EB90CBC-A6A1-4145-8AF1-6BC49AF7D490}.Debug|Any CPU.Build.0 = Debug|Any CPU
		{7EB90CBC-A6A1-4145-8AF1-6BC49AF7D490}.Release|Any CPU.ActiveCfg = Release|Any CPU
		{7EB90CBC-A6A1-4145-8AF1-6BC49AF7D490}.Release|Any CPU.Build.0 = Release|Any CPU
		{5B1E8489-51F3-428A-AF16-93F7C9A9D419}.Debug|Any CPU.ActiveCfg = Debug|Any CPU
		{5B1E8489-51F3-428A-AF16-93F7C9A9D419}.Debug|Any CPU.Build.0 = Debug|Any CPU
		{5B1E8489-51F3-428A-AF16-93F7C9A9D419}.Release|Any CPU.ActiveCfg = Release|Any CPU
		{5B1E8489-51F3-428A-AF16-93F7C9A9D419}.Release|Any CPU.Build.0 = Release|Any CPU
		{7C619E3C-A0EC-4FEE-A402-9C9649930C56}.Debug|Any CPU.ActiveCfg = Debug|Any CPU
		{7C619E3C-A0EC-4FEE-A402-9C9649930C56}.Debug|Any CPU.Build.0 = Debug|Any CPU
		{7C619E3C-A0EC-4FEE-A402-9C9649930C56}.Release|Any CPU.ActiveCfg = Release|Any CPU
		{7C619E3C-A0EC-4FEE-A402-9C9649930C56}.Release|Any CPU.Build.0 = Release|Any CPU
		{BA1F1960-14A6-4CF6-ABF9-9006CAEB7ABA}.Debug|Any CPU.ActiveCfg = Debug|Any CPU
		{BA1F1960-14A6-4CF6-ABF9-9006CAEB7ABA}.Debug|Any CPU.Build.0 = Debug|Any CPU
		{BA1F1960-14A6-4CF6-ABF9-9006CAEB7ABA}.Release|Any CPU.ActiveCfg = Release|Any CPU
		{BA1F1960-14A6-4CF6-ABF9-9006CAEB7ABA}.Release|Any CPU.Build.0 = Release|Any CPU
	EndGlobalSection
	GlobalSection(SolutionProperties) = preSolution
		HideSolutionNode = FALSE
	EndGlobalSection
EndGlobal
